// !$*UTF8*$!
{
	archiveVersion = 1;
	classes = {
	};
	objectVersion = 46;
	objects = {

/* Begin PBXBuildFile section */
		0B55F31B1CD49E5C0051B52F /* main.m in Sources */ = {isa = PBXBuildFile; fileRef = 0B55F31A1CD49E5C0051B52F /* main.m */; };
		0B55F3231CD4C5610051B52F /* Rectangle.m in Sources */ = {isa = PBXBuildFile; fileRef = 0B55F3221CD4C5610051B52F /* Rectangle.m */; };
		0B55F3261CD4C59B0051B52F /* XYPoint.m in Sources */ = {isa = PBXBuildFile; fileRef = 0B55F3251CD4C59B0051B52F /* XYPoint.m */; };
		0B55F3291CD4C7ED0051B52F /* Square.m in Sources */ = {isa = PBXBuildFile; fileRef = 0B55F3281CD4C7ED0051B52F /* Square.m */; };
		0B55F32C1CD4DA370051B52F /* ClassA.m in Sources */ = {isa = PBXBuildFile; fileRef = 0B55F32B1CD4DA370051B52F /* ClassA.m */; };
		0B55F32F1CD4DA4F0051B52F /* ClassB.m in Sources */ = {isa = PBXBuildFile; fileRef = 0B55F32E1CD4DA4F0051B52F /* ClassB.m */; };
		0B55F3321CD4DC8D0051B52F /* ClassC.m in Sources */ = {isa = PBXBuildFile; fileRef = 0B55F3311CD4DC8D0051B52F /* ClassC.m */; };
/* End PBXBuildFile section */

/* Begin PBXCopyFilesBuildPhase section */
		0B55F3151CD49E5C0051B52F /* CopyFiles */ = {
			isa = PBXCopyFilesBuildPhase;
			buildActionMask = 2147483647;
			dstPath = /usr/share/man/man1/;
			dstSubfolderSpec = 0;
			files = (
			);
			runOnlyForDeploymentPostprocessing = 1;
		};
/* End PBXCopyFilesBuildPhase section */

/* Begin PBXFileReference section */
		0B55F3171CD49E5C0051B52F /* Exercise8.1 */ = {isa = PBXFileReference; explicitFileType = "compiled.mach-o.executable"; includeInIndex = 0; path = Exercise8.1; sourceTree = BUILT_PRODUCTS_DIR; };
		0B55F31A1CD49E5C0051B52F /* main.m */ = {isa = PBXFileReference; lastKnownFileType = sourcecode.c.objc; path = main.m; sourceTree = "<group>"; };
		0B55F3211CD4C5610051B52F /* Rectangle.h */ = {isa = PBXFileReference; fileEncoding = 4; lastKnownFileType = sourcecode.c.h; path = Rectangle.h; sourceTree = "<group>"; };
		0B55F3221CD4C5610051B52F /* Rectangle.m */ = {isa = PBXFileReference; fileEncoding = 4; lastKnownFileType = sourcecode.c.objc; path = Rectangle.m; sourceTree = "<group>"; };
		0B55F3241CD4C59B0051B52F /* XYPoint.h */ = {isa = PBXFileReference; fileEncoding = 4; lastKnownFileType = sourcecode.c.h; path = XYPoint.h; sourceTree = "<group>"; };
		0B55F3251CD4C59B0051B52F /* XYPoint.m */ = {isa = PBXFileReference; fileEncoding = 4; lastKnownFileType = sourcecode.c.objc; path = XYPoint.m; sourceTree = "<group>"; };
		0B55F3271CD4C7ED0051B52F /* Square.h */ = {isa = PBXFileReference; fileEncoding = 4; lastKnownFileType = sourcecode.c.h; path = Square.h; sourceTree = "<group>"; };
		0B55F3281CD4C7ED0051B52F /* Square.m */ = {isa = PBXFileReference; fileEncoding = 4; lastKnownFileType = sourcecode.c.objc; path = Square.m; sourceTree = "<group>"; };
		0B55F32A1CD4DA370051B52F /* ClassA.h */ = {isa = PBXFileReference; fileEncoding = 4; lastKnownFileType = sourcecode.c.h; path = ClassA.h; sourceTree = "<group>"; };
		0B55F32B1CD4DA370051B52F /* ClassA.m */ = {isa = PBXFileReference; fileEncoding = 4; lastKnownFileType = sourcecode.c.objc; path = ClassA.m; sourceTree = "<group>"; };
		0B55F32D1CD4DA4F0051B52F /* ClassB.h */ = {isa = PBXFileReference; fileEncoding = 4; lastKnownFileType = sourcecode.c.h; path = ClassB.h; sourceTree = "<group>"; };
		0B55F32E1CD4DA4F0051B52F /* ClassB.m */ = {isa = PBXFileReference; fileEncoding = 4; lastKnownFileType = sourcecode.c.objc; path = ClassB.m; sourceTree = "<group>"; };
		0B55F3301CD4DC8D0051B52F /* ClassC.h */ = {isa = PBXFileReference; fileEncoding = 4; lastKnownFileType = sourcecode.c.h; path = ClassC.h; sourceTree = "<group>"; };
		0B55F3311CD4DC8D0051B52F /* ClassC.m */ = {isa = PBXFileReference; fileEncoding = 4; lastKnownFileType = sourcecode.c.objc; path = ClassC.m; sourceTree = "<group>"; };
/* End PBXFileReference section */

/* Begin PBXFrameworksBuildPhase section */
		0B55F3141CD49E5C0051B52F /* Frameworks */ = {
			isa = PBXFrameworksBuildPhase;
			buildActionMask = 2147483647;
			files = (
			);
			runOnlyForDeploymentPostprocessing = 0;
		};
/* End PBXFrameworksBuildPhase section */

/* Begin PBXGroup section */
		0B55F30E1CD49E5C0051B52F = {
			isa = PBXGroup;
			children = (
				0B55F3191CD49E5C0051B52F /* Exercise8.1 */,
				0B55F3181CD49E5C0051B52F /* Products */,
			);
			sourceTree = "<group>";
		};
		0B55F3181CD49E5C0051B52F /* Products */ = {
			isa = PBXGroup;
			children = (
				0B55F3171CD49E5C0051B52F /* Exercise8.1 */,
			);
			name = Products;
			sourceTree = "<group>";
		};
		0B55F3191CD49E5C0051B52F /* Exercise8.1 */ = {
			isa = PBXGroup;
			children = (
				0B55F31A1CD49E5C0051B52F /* main.m */,
				0B55F32A1CD4DA370051B52F /* ClassA.h */,
				0B55F32B1CD4DA370051B52F /* ClassA.m */,
				0B55F32D1CD4DA4F0051B52F /* ClassB.h */,
				0B55F3301CD4DC8D0051B52F /* ClassC.h */,
				0B55F3311CD4DC8D0051B52F /* ClassC.m */,
				0B55F32E1CD4DA4F0051B52F /* ClassB.m */,
				0B55F3271CD4C7ED0051B52F /* Square.h */,
				0B55F3281CD4C7ED0051B52F /* Square.m */,
				0B55F3211CD4C5610051B52F /* Rectangle.h */,
				0B55F3221CD4C5610051B52F /* Rectangle.m */,
				0B55F3241CD4C59B0051B52F /* XYPoint.h */,
				0B55F3251CD4C59B0051B52F /* XYPoint.m */,
			);
			path = Exercise8.1;
			sourceTree = "<group>";
		};
/* End PBXGroup section */

/* Begin PBXNativeTarget section */
		0B55F3161CD49E5C0051B52F /* Exercise8.1 */ = {
			isa = PBXNativeTarget;
			buildConfigurationList = 0B55F31E1CD49E5C0051B52F /* Build configuration list for PBXNativeTarget "Exercise8.1" */;
			buildPhases = (
				0B55F3131CD49E5C0051B52F /* Sources */,
				0B55F3141CD49E5C0051B52F /* Frameworks */,
				0B55F3151CD49E5C0051B52F /* CopyFiles */,
			);
			buildRules = (
			);
			dependencies = (
			);
			name = Exercise8.1;
			productName = Exercise8.1;
			productReference = 0B55F3171CD49E5C0051B52F /* Exercise8.1 */;
			productType = "com.apple.product-type.tool";
		};
/* End PBXNativeTarget section */

/* Begin PBXProject section */
		0B55F30F1CD49E5C0051B52F /* Project object */ = {
			isa = PBXProject;
			attributes = {
				LastUpgradeCheck = 0730;
				ORGANIZATIONNAME = "张苗";
				TargetAttributes = {
					0B55F3161CD49E5C0051B52F = {
						CreatedOnToolsVersion = 7.3;
					};
				};
			};
			buildConfigurationList = 0B55F3121CD49E5C0051B52F /* Build configuration list for PBXProject "Exercise8.1" */;
			compatibilityVersion = "Xcode 3.2";
			developmentRegion = English;
			hasScannedForEncodings = 0;
			knownRegions = (
				en,
			);
			mainGroup = 0B55F30E1CD49E5C0051B52F;
			productRefGroup = 0B55F3181CD49E5C0051B52F /* Products */;
			projectDirPath = "";
			projectRoot = "";
			targets = (
				0B55F3161CD49E5C0051B52F /* Exercise8.1 */,
			);
		};
/* End PBXProject section */

/* Begin PBXSourcesBuildPhase section */
		0B55F3131CD49E5C0051B52F /* Sources */ = {
			isa = PBXSourcesBuildPhase;
			buildActionMask = 2147483647;
			files = (
				0B55F3291CD4C7ED0051B52F /* Square.m in Sources */,
				0B55F32C1CD4DA370051B52F /* ClassA.m in Sources */,
				0B55F31B1CD49E5C0051B52F /* main.m in Sources */,
				0B55F3321CD4DC8D0051B52F /* ClassC.m in Sources */,
				0B55F32F1CD4DA4F0051B52F /* ClassB.m in Sources */,
				0B55F3261CD4C59B0051B52F /* XYPoint.m in Sources */,
				0B55F3231CD4C5610051B52F /* Rectangle.m in Sources */,
			);
			runOnlyForDeploymentPostprocessing = 0;
		};
/* End PBXSourcesBuildPhase section */

/* Begin XCBuildConfiguration section */
		0B55F31C1CD49E5C0051B52F /* Debug */ = {
			isa = XCBuildConfiguration;
			buildSettings = {
				ALWAYS_SEARCH_USER_PATHS = NO;
				CLANG_ANALYZER_NONNULL = YES;
				CLANG_CXX_LANGUAGE_STANDARD = "gnu++0x";
				CLANG_CXX_LIBRARY = "libc++";
				CLANG_ENABLE_MODULES = YES;
				CLANG_ENABLE_OBJC_ARC = YES;
				CLANG_WARN_BOOL_CONVERSION = YES;
				CLANG_WARN_CONSTANT_CONVERSION = YES;
				CLANG_WARN_DIRECT_OBJC_ISA_USAGE = YES_ERROR;
				CLANG_WARN_EMPTY_BODY = YES;
				CLANG_WARN_ENUM_CONVERSION = YES;
				CLANG_WARN_INT_CONVERSION = YES;
				CLANG_WARN_OBJC_ROOT_CLASS = YES_ERROR;
				CLANG_WARN_UNREACHABLE_CODE = YES;
				CLANG_WARN__DUPLICATE_METHOD_MATCH = YES;
				CODE_SIGN_IDENTITY = "-";
				COPY_PHASE_STRIP = NO;
				DEBUG_INFORMATION_FORMAT = dwarf;
				ENABLE_STRICT_OBJC_MSGSEND = YES;
				ENABLE_TESTABILITY = YES;
				GCC_C_LANGUAGE_STANDARD = gnu99;
				GCC_DYNAMIC_NO_PIC = NO;
				GCC_NO_COMMON_BLOCKS = YES;
				GCC_OPTIMIZATION_LEVEL = 0;
				GCC_PREPROCESSOR_DEFINITIONS = (
					"DEBUG=1",
					"$(inherited)",
				);
				GCC_WARN_64_TO_32_BIT_CONVERSION = YES;
				GCC_WARN_ABOUT_RETURN_TYPE = YES_ERROR;
				GCC_WARN_UNDECLARED_SELECTOR = YES;
				GCC_WARN_UNINITIALIZED_AUTOS = YES_AGGRESSIVE;
				GCC_WARN_UNUSED_FUNCTION = YES;
				GCC_WARN_UNUSED_VARIABLE = YES;
				MACOSX_DEPLOYMENT_TARGET = 10.11;
				MTL_ENABLE_DEBUG_INFO = YES;
				ONLY_ACTIVE_ARCH = YES;
				SDKROOT = macosx;
			};
			name = Debug;
		};
		0B55F31D1CD49E5C0051B52F /* Release */ = {
			isa = XCBuildConfiguration;
			buildSettings = {
				ALWAYS_SEARCH_USER_PATHS = NO;
				CLANG_ANALYZER_NONNULL = YES;
				CLANG_CXX_LANGUAGE_STANDARD = "gnu++0x";
				CLANG_CXX_LIBRARY = "libc++";
				CLANG_ENABLE_MODULES = YES;
				CLANG_ENABLE_OBJC_ARC = YES;
				CLANG_WARN_BOOL_CONVERSION = YES;
				CLANG_WARN_CONSTANT_CONVERSION = YES;
				CLANG_WARN_DIRECT_OBJC_ISA_USAGE = YES_ERROR;
				CLANG_WARN_EMPTY_BODY = YES;
				CLANG_WARN_ENUM_CONVERSION = YES;
				CLANG_WARN_INT_CONVERSION = YES;
				CLANG_WARN_OBJC_ROOT_CLASS = YES_ERROR;
				CLANG_WARN_UNREACHABLE_CODE = YES;
				CLANG_WARN__DUPLICATE_METHOD_MATCH = YES;
				CODE_SIGN_IDENTITY = "-";
				COPY_PHASE_STRIP = NO;
				DEBUG_INFORMATION_FORMAT = "dwarf-with-dsym";
				ENABLE_NS_ASSERTIONS = NO;
				ENABLE_STRICT_OBJC_MSGSEND = YES;
				GCC_C_LANGUAGE_STANDARD = gnu99;
				GCC_NO_COMMON_BLOCKS = YES;
				GCC_WARN_64_TO_32_BIT_CONVERSION = YES;
				GCC_WARN_ABOUT_RETURN_TYPE = YES_ERROR;
				GCC_WARN_UNDECLARED_SELECTOR = YES;
				GCC_WARN_UNINITIALIZED_AUTOS = YES_AGGRESSIVE;
				GCC_WARN_UNUSED_FUNCTION = YES;
				GCC_WARN_UNUSED_VARIABLE = YES;
				MACOSX_DEPLOYMENT_TARGET = 10.11;
				MTL_ENABLE_DEBUG_INFO = NO;
				SDKROOT = macosx;
			};
			name = Release;
		};
		0B55F31F1CD49E5C0051B52F /* Debug */ = {
			isa = XCBuildConfiguration;
			buildSettings = {
				PRODUCT_NAME = "$(TARGET_NAME)";
			};
			name = Debug;
		};
		0B55F3201CD49E5C0051B52F /* Release */ = {
			isa = XCBuildConfiguration;
			buildSettings = {
				PRODUCT_NAME = "$(TARGET_NAME)";
			};
			name = Release;
		};
/* End XCBuildConfiguration section */

/* Begin XCConfigurationList section */
		0B55F3121CD49E5C0051B52F /* Build configuration list for PBXProject "Exercise8.1" */ = {
			isa = XCConfigurationList;
			buildConfigurations = (
				0B55F31C1CD49E5C0051B52F /* Debug */,
				0B55F31D1CD49E5C0051B52F /* Release */,
			);
			defaultConfigurationIsVisible = 0;
			defaultConfigurationName = Release;
		};
		0B55F31E1CD49E5C0051B52F /* Build configuration list for PBXNativeTarget "Exercise8.1" */ = {
			isa = XCConfigurationList;
			buildConfigurations = (
				0B55F31F1CD49E5C0051B52F /* Debug */,
				0B55F3201CD49E5C0051B52F /* Release */,
			);
			defaultConfigurationIsVisible = 0;
		};
/* End XCConfigurationList section */
	};
	rootObject = 0B55F30F1CD49E5C0051B52F /* Project object */;
}
